
Microsoft Visual Studio Solution File, Format Version 12.00
# Visual Studio Version 17
VisualStudioVersion = 17.14.37027.9 d17.14
MinimumVisualStudioVersion = 10.0.40219.1
Project("{FAE04EC0-301F-11D3-BF4B-00C04F79EFBC}") = "StudentBodyMassIndex", "StudentBodyMassIndex\StudentBodyMassIndex.csproj", "{5AB133CB-F064-4DFE-849D-0E26D3584F39}"
EndProject
Global
	GlobalSection(SolutionConfigurationPlatforms) = preSolution
		Debug|Any CPU = Debug|Any CPU
		Release|Any CPU = Release|Any CPU
	EndGlobalSection
	GlobalSection(ProjectConfigurationPlatforms) = postSolution
		{5AB133CB-F064-4DFE-849D-0E26D3584F39}.Debug|Any CPU.ActiveCfg = Debug|Any CPU
		{5AB133CB-F064-4DFE-849D-0E26D3584F39}.Debug|Any CPU.Build.0 = Debug|Any CPU
		{5AB133CB-F064-4DFE-849D-0E26D3584F39}.Release|Any CPU.ActiveCfg = Release|Any CPU
		{5AB133CB-F064-4DFE-849D-0E26D3584F39}.Release|Any CPU.Build.0 = Release|Any CPU
	EndGlobalSection
	GlobalSection(SolutionProperties) = preSolution
		HideSolutionNode = FALSE
	EndGlobalSection
	GlobalSection(ExtensibilityGlobals) = postSolution
		SolutionGuid = {AC6040BB-4628-42EB-99F8-3C3A3E066E19}
	EndGlobalSection
EndGlobal
