
Microsoft Visual Studio Solution File, Format Version 12.00
# Visual Studio Version 17
VisualStudioVersion = 17.14.37027.9 d17.14
MinimumVisualStudioVersion = 10.0.40219.1
Project("{FAE04EC0-301F-11D3-BF4B-00C04F79EFBC}") = "TicTacToeGame", "TicTacToeGame\TicTacToeGame.csproj", "{E9BA61F2-15F3-43D7-AC06-183B1557587C}"
EndProject
Global
	GlobalSection(SolutionConfigurationPlatforms) = preSolution
		Debug|Any CPU = Debug|Any CPU
		Release|Any CPU = Release|Any CPU
	EndGlobalSection
	GlobalSection(ProjectConfigurationPlatforms) = postSolution
		{E9BA61F2-15F3-43D7-AC06-183B1557587C}.Debug|Any CPU.ActiveCfg = Debug|Any CPU
		{E9BA61F2-15F3-43D7-AC06-183B1557587C}.Debug|Any CPU.Build.0 = Debug|Any CPU
		{E9BA61F2-15F3-43D7-AC06-183B1557587C}.Release|Any CPU.ActiveCfg = Release|Any CPU
		{E9BA61F2-15F3-43D7-AC06-183B1557587C}.Release|Any CPU.Build.0 = Release|Any CPU
	EndGlobalSection
	GlobalSection(SolutionProperties) = preSolution
		HideSolutionNode = FALSE
	EndGlobalSection
	GlobalSection(ExtensibilityGlobals) = postSolution
		SolutionGuid = {B5981F1F-01B9-49D2-A851-F453A7628A7B}
	EndGlobalSection
EndGlobal
